Microsoft Visual Studio Solution File, Format Version 12.00
# Visual Studio Version 17
VisualStudioVersion = 17.0.31903.59
MinimumVisualStudioVersion = 10.0.40219.1
Project("{8BC9CEB8-8B4A-11D0-8D11-00A0C91BC942}") = "WheelmanMod", "WheelmanMod.vcxproj", "{6B2F1A10-6C1E-4E1E-9C2A-2E1C7B3A9001}"
EndProject
Project("{8BC9CEB8-8B4A-11D0-8D11-00A0C91BC942}") = "Injector", "Injector\Injector.vcxproj", "{6B2F1A10-6C1E-4E1E-9C2A-2E1C7B3A9002}"
EndProject
Project("{8BC9CEB8-8B4A-11D0-8D11-00A0C91BC942}") = "Launcher", "Launcher\Launcher.vcxproj", "{6B2F1A10-6C1E-4E1E-9C2A-2E1C7B3A9003}"
EndProject
Global
	GlobalSection(SolutionConfigurationPlatforms) = preSolution
		Debug|Win32 = Debug|Win32
		Release|Win32 = Release|Win32
	EndGlobalSection
	GlobalSection(ProjectConfigurationPlatforms) = postSolution
		{6B2F1A10-6C1E-4E1E-9C2A-2E1C7B3A9001}.Debug|Win32.ActiveCfg = Debug|Win32
		{6B2F1A10-6C1E-4E1E-9C2A-2E1C7B3A9001}.Debug|Win32.Build.0 = Debug|Win32
		{6B2F1A10-6C1E-4E1E-9C2A-2E1C7B3A9001}.Release|Win32.ActiveCfg = Release|Win32
		{6B2F1A10-6C1E-4E1E-9C2A-2E1C7B3A9001}.Release|Win32.Build.0 = Release|Win32
		{6B2F1A10-6C1E-4E1E-9C2A-2E1C7B3A9002}.Debug|Win32.ActiveCfg = Debug|Win32
		{6B2F1A10-6C1E-4E1E-9C2A-2E1C7B3A9002}.Debug|Win32.Build.0 = Debug|Win32
		{6B2F1A10-6C1E-4E1E-9C2A-2E1C7B3A9002}.Release|Win32.ActiveCfg = Release|Win32
		{6B2F1A10-6C1E-4E1E-9C2A-2E1C7B3A9002}.Release|Win32.Build.0 = Release|Win32
		{6B2F1A10-6C1E-4E1E-9C2A-2E1C7B3A9003}.Debug|Win32.ActiveCfg = Release|Win32
		{6B2F1A10-6C1E-4E1E-9C2A-2E1C7B3A9003}.Debug|Win32.Build.0 = Release|Win32
		{6B2F1A10-6C1E-4E1E-9C2A-2E1C7B3A9003}.Release|Win32.ActiveCfg = Release|Win32
		{6B2F1A10-6C1E-4E1E-9C2A-2E1C7B3A9003}.Release|Win32.Build.0 = Release|Win32
	EndGlobalSection
	GlobalSection(SolutionProperties) = preSolution
		HideSolutionNode = FALSE
	EndGlobalSection
EndGlobal
